
Microsoft Visual Studio Solution File, Format Version 12.00
# Visual Studio Version 16
VisualStudioVersion = 16.0.29728.190
MinimumVisualStudioVersion = 10.0.40219.1
Project("{9A19103F-16F7-4668-BE54-9A1E7A4F7556}") = "DiplomApi", "DiplomApi\DiplomApi.csproj", "{312B74D2-8BD6-4088-B20C-67FAB3753095}"
EndProject
Project("{FAE04EC0-301F-11D3-BF4B-00C04F79EFBC}") = "BLL", "BLL\BLL.csproj", "{403DE9ED-9899-4D44-A95F-E9D5FC89BEBA}"
EndProject
Project("{FAE04EC0-301F-11D3-BF4B-00C04F79EFBC}") = "DAL", "DAL\DAL.csproj", "{0947EDB0-FD06-4AB9-AD65-34B3BDCFAD78}"
EndProject
Global
	GlobalSection(SolutionConfigurationPlatforms) = preSolution
		Debug|Any CPU = Debug|Any CPU
		Release|Any CPU = Release|Any CPU
	EndGlobalSection
	GlobalSection(ProjectConfigurationPlatforms) = postSolution
		{312B74D2-8BD6-4088-B20C-67FAB3753095}.Debug|Any CPU.ActiveCfg = Debug|Any CPU
		{312B74D2-8BD6-4088-B20C-67FAB3753095}.Debug|Any CPU.Build.0 = Debug|Any CPU
		{312B74D2-8BD6-4088-B20C-67FAB3753095}.Release|Any CPU.ActiveCfg = Release|Any CPU
		{312B74D2-8BD6-4088-B20C-67FAB3753095}.Release|Any CPU.Build.0 = Release|Any CPU
		{403DE9ED-9899-4D44-A95F-E9D5FC89BEBA}.Debug|Any CPU.ActiveCfg = Debug|Any CPU
		{403DE9ED-9899-4D44-A95F-E9D5FC89BEBA}.Debug|Any CPU.Build.0 = Debug|Any CPU
		{403DE9ED-9899-4D44-A95F-E9D5FC89BEBA}.Release|Any CPU.ActiveCfg = Release|Any CPU
		{403DE9ED-9899-4D44-A95F-E9D5FC89BEBA}.Release|Any CPU.Build.0 = Release|Any CPU
		{0947EDB0-FD06-4AB9-AD65-34B3BDCFAD78}.Debug|Any CPU.ActiveCfg = Debug|Any CPU
		{0947EDB0-FD06-4AB9-AD65-34B3BDCFAD78}.Debug|Any CPU.Build.0 = Debug|Any CPU
		{0947EDB0-FD06-4AB9-AD65-34B3BDCFAD78}.Release|Any CPU.ActiveCfg = Release|Any CPU
		{0947EDB0-FD06-4AB9-AD65-34B3BDCFAD78}.Release|Any CPU.Build.0 = Release|Any CPU
	EndGlobalSection
	GlobalSection(SolutionProperties) = preSolution
		HideSolutionNode = FALSE
	EndGlobalSection
	GlobalSection(ExtensibilityGlobals) = postSolution
		SolutionGuid = {E4BFD2C2-8500-46EE-B2F1-0B4DAADA978E}
	EndGlobalSection
EndGlobal
